
Microsoft Visual Studio Solution File, Format Version 12.00
# Visual Studio Version 16
VisualStudioVersion = 16.0.29424.173
MinimumVisualStudioVersion = 10.0.40219.1
Project("{FAE04EC0-301F-11D3-BF4B-00C04F79EFBC}") = "DVC_Beispiel", "DVC_Beispiel\DVC_Beispiel.csproj", "{55CB8B01-F210-4A79-842D-F9DAC04EC8A0}"
EndProject
Global
	GlobalSection(SolutionConfigurationPlatforms) = preSolution
		Debug|Any CPU = Debug|Any CPU
		Release|Any CPU = Release|Any CPU
	EndGlobalSection
	GlobalSection(ProjectConfigurationPlatforms) = postSolution
		{55CB8B01-F210-4A79-842D-F9DAC04EC8A0}.Debug|Any CPU.ActiveCfg = Debug|Any CPU
		{55CB8B01-F210-4A79-842D-F9DAC04EC8A0}.Debug|Any CPU.Build.0 = Debug|Any CPU
		{55CB8B01-F210-4A79-842D-F9DAC04EC8A0}.Release|Any CPU.ActiveCfg = Release|Any CPU
		{55CB8B01-F210-4A79-842D-F9DAC04EC8A0}.Release|Any CPU.Build.0 = Release|Any CPU
	EndGlobalSection
	GlobalSection(SolutionProperties) = preSolution
		HideSolutionNode = FALSE
	EndGlobalSection
	GlobalSection(ExtensibilityGlobals) = postSolution
		SolutionGuid = {ADA0A3F2-8549-4DB8-A460-5DA4529FCD6E}
	EndGlobalSection
EndGlobal
